
Microsoft Visual Studio Solution File, Format Version 12.00
# SQL Server Management Studio Version 21
VisualStudioVersion = 17.14.36221.1
MinimumVisualStudioVersion = 10.0.40219.1
Project("{4F2E2C19-372F-40D8-9FA7-9D2138C6997A}") = "Solution", "Solution.ssmssqlproj", "{65509C15-E576-C1A3-2C36-D8D333BC0777}"
EndProject
Global
	GlobalSection(SolutionConfigurationPlatforms) = preSolution
		Default|Default = Default|Default
	EndGlobalSection
	GlobalSection(ProjectConfigurationPlatforms) = postSolution
		{65509C15-E576-C1A3-2C36-D8D333BC0777}.Default|Default.ActiveCfg = Default
		{A088C034-AE3C-4D4C-A22E-521A72A28666}.Default|Default.ActiveCfg = Default
	EndGlobalSection
	GlobalSection(SolutionProperties) = preSolution
		HideSolutionNode = FALSE
	EndGlobalSection
	GlobalSection(ExtensibilityGlobals) = postSolution
		SolutionGuid = {F6790DE8-0BF0-4D32-A189-E996E584B6E9}
	EndGlobalSection
EndGlobal
